Microsoft Visual Studio Solution File, Format Version 12.00
# Visual Studio Version 17
VisualStudioVersion = 17.5.2.0
MinimumVisualStudioVersion = 10.0.40219.1
Project("{FAE04EC0-301F-11D3-BF4B-00C04F79EFBC}") = "Sistema_Gestion_Restaurante", "Sistema_Gestion_Restaurante.csproj", "{9523751D-8479-1335-260D-701426FB7291}"
EndProject
Global
	GlobalSection(SolutionConfigurationPlatforms) = preSolution
		Debug|Any CPU = Debug|Any CPU
		Release|Any CPU = Release|Any CPU
	EndGlobalSection
	GlobalSection(ProjectConfigurationPlatforms) = postSolution
		{9523751D-8479-1335-260D-701426FB7291}.Debug|Any CPU.ActiveCfg = Debug|Any CPU
		{9523751D-8479-1335-260D-701426FB7291}.Debug|Any CPU.Build.0 = Debug|Any CPU
		{9523751D-8479-1335-260D-701426FB7291}.Release|Any CPU.ActiveCfg = Release|Any CPU
		{9523751D-8479-1335-260D-701426FB7291}.Release|Any CPU.Build.0 = Release|Any CPU
	EndGlobalSection
	GlobalSection(SolutionProperties) = preSolution
		HideSolutionNode = FALSE
	EndGlobalSection
	GlobalSection(ExtensibilityGlobals) = postSolution
		SolutionGuid = {81E832F1-D713-4694-8AF1-0A0EBF695960}
	EndGlobalSection
EndGlobal
